
Microsoft Visual Studio Solution File, Format Version 12.00
Project("{2150E333-8FDC-42A3-9474-1A3956D46DE8}") = "src", "src", "{8E3F222F-F7EB-4A45-BDC5-B56FFFEC2F38}"
EndProject
Project("{2150E333-8FDC-42A3-9474-1A3956D46DE8}") = "test", "test", "{CDBD00A9-9E91-4F88-AEAA-8803D687491A}"
EndProject
Project("{FAE04EC0-301F-11D3-BF4B-00C04F79EFBC}") = "Common.Persistence.EFCore", "Common.Persistence.EFCore\Common.Persistence.EFCore.csproj", "{2032E44B-7DA4-455E-B4EF-D6C316242DE6}"
EndProject
Project("{FAE04EC0-301F-11D3-BF4B-00C04F79EFBC}") = "Common.HealthChecks", "Common.HealthChecks\Common.HealthChecks.csproj", "{01A780C4-ACE8-4E1D-B316-E857F46C1171}"
EndProject
Project("{FAE04EC0-301F-11D3-BF4B-00C04F79EFBC}") = "Common.Logging.Serilog", "Common.Logging.Serilog\Common.Logging.Serilog.csproj", "{52FBD7DD-3447-4D2F-BAE1-41E198066082}"
EndProject
Project("{FAE04EC0-301F-11D3-BF4B-00C04F79EFBC}") = "Viva.Geo.API", "Viva.Geo.API\Viva.Geo.API.csproj", "{8440CBD0-952C-4F8B-86F7-4D8B1EA58F81}"
EndProject
Project("{FAE04EC0-301F-11D3-BF4B-00C04F79EFBC}") = "Viva.Geo.API.Core", "Viva.Geo.API.Core\Viva.Geo.API.Core.csproj", "{F450F534-F932-4BC8-9D2C-3EF03E3BACCE}"
EndProject
Project("{FAE04EC0-301F-11D3-BF4B-00C04F79EFBC}") = "Viva.Geo.API.DataAccess", "Viva.Geo.API.DataAccess\Viva.Geo.API.DataAccess.csproj", "{36CF3331-7177-4985-B94B-9B8EA2B057B9}"
EndProject
Project("{FAE04EC0-301F-11D3-BF4B-00C04F79EFBC}") = "Viva.Geo.API.Common", "Viva.Geo.API.Common\Viva.Geo.API.Common.csproj", "{F689AF01-57EF-4D43-8CA0-1D19FB8C9BA8}"
EndProject
Global
	GlobalSection(SolutionConfigurationPlatforms) = preSolution
		Debug|Any CPU = Debug|Any CPU
		Release|Any CPU = Release|Any CPU
	EndGlobalSection
	GlobalSection(ProjectConfigurationPlatforms) = postSolution
		{2032E44B-7DA4-455E-B4EF-D6C316242DE6}.Debug|Any CPU.ActiveCfg = Debug|Any CPU
		{2032E44B-7DA4-455E-B4EF-D6C316242DE6}.Debug|Any CPU.Build.0 = Debug|Any CPU
		{2032E44B-7DA4-455E-B4EF-D6C316242DE6}.Release|Any CPU.ActiveCfg = Release|Any CPU
		{2032E44B-7DA4-455E-B4EF-D6C316242DE6}.Release|Any CPU.Build.0 = Release|Any CPU
		{01A780C4-ACE8-4E1D-B316-E857F46C1171}.Debug|Any CPU.ActiveCfg = Debug|Any CPU
		{01A780C4-ACE8-4E1D-B316-E857F46C1171}.Debug|Any CPU.Build.0 = Debug|Any CPU
		{01A780C4-ACE8-4E1D-B316-E857F46C1171}.Release|Any CPU.ActiveCfg = Release|Any CPU
		{01A780C4-ACE8-4E1D-B316-E857F46C1171}.Release|Any CPU.Build.0 = Release|Any CPU
		{52FBD7DD-3447-4D2F-BAE1-41E198066082}.Debug|Any CPU.ActiveCfg = Debug|Any CPU
		{52FBD7DD-3447-4D2F-BAE1-41E198066082}.Debug|Any CPU.Build.0 = Debug|Any CPU
		{52FBD7DD-3447-4D2F-BAE1-41E198066082}.Release|Any CPU.ActiveCfg = Release|Any CPU
		{52FBD7DD-3447-4D2F-BAE1-41E198066082}.Release|Any CPU.Build.0 = Release|Any CPU
		{8440CBD0-952C-4F8B-86F7-4D8B1EA58F81}.Debug|Any CPU.ActiveCfg = Debug|Any CPU
		{8440CBD0-952C-4F8B-86F7-4D8B1EA58F81}.Debug|Any CPU.Build.0 = Debug|Any CPU
		{8440CBD0-952C-4F8B-86F7-4D8B1EA58F81}.Release|Any CPU.ActiveCfg = Release|Any CPU
		{8440CBD0-952C-4F8B-86F7-4D8B1EA58F81}.Release|Any CPU.Build.0 = Release|Any CPU
		{F450F534-F932-4BC8-9D2C-3EF03E3BACCE}.Debug|Any CPU.ActiveCfg = Debug|Any CPU
		{F450F534-F932-4BC8-9D2C-3EF03E3BACCE}.Debug|Any CPU.Build.0 = Debug|Any CPU
		{F450F534-F932-4BC8-9D2C-3EF03E3BACCE}.Release|Any CPU.ActiveCfg = Release|Any CPU
		{F450F534-F932-4BC8-9D2C-3EF03E3BACCE}.Release|Any CPU.Build.0 = Release|Any CPU
		{36CF3331-7177-4985-B94B-9B8EA2B057B9}.Debug|Any CPU.ActiveCfg = Debug|Any CPU
		{36CF3331-7177-4985-B94B-9B8EA2B057B9}.Debug|Any CPU.Build.0 = Debug|Any CPU
		{36CF3331-7177-4985-B94B-9B8EA2B057B9}.Release|Any CPU.ActiveCfg = Release|Any CPU
		{36CF3331-7177-4985-B94B-9B8EA2B057B9}.Release|Any CPU.Build.0 = Release|Any CPU
		{F689AF01-57EF-4D43-8CA0-1D19FB8C9BA8}.Debug|Any CPU.ActiveCfg = Debug|Any CPU
		{F689AF01-57EF-4D43-8CA0-1D19FB8C9BA8}.Debug|Any CPU.Build.0 = Debug|Any CPU
		{F689AF01-57EF-4D43-8CA0-1D19FB8C9BA8}.Release|Any CPU.ActiveCfg = Release|Any CPU
		{F689AF01-57EF-4D43-8CA0-1D19FB8C9BA8}.Release|Any CPU.Build.0 = Release|Any CPU
	EndGlobalSection
	GlobalSection(NestedProjects) = preSolution
		{2032E44B-7DA4-455E-B4EF-D6C316242DE6} = {8E3F222F-F7EB-4A45-BDC5-B56FFFEC2F38}
		{01A780C4-ACE8-4E1D-B316-E857F46C1171} = {8E3F222F-F7EB-4A45-BDC5-B56FFFEC2F38}
		{52FBD7DD-3447-4D2F-BAE1-41E198066082} = {8E3F222F-F7EB-4A45-BDC5-B56FFFEC2F38}
		{8440CBD0-952C-4F8B-86F7-4D8B1EA58F81} = {8E3F222F-F7EB-4A45-BDC5-B56FFFEC2F38}
		{F450F534-F932-4BC8-9D2C-3EF03E3BACCE} = {8E3F222F-F7EB-4A45-BDC5-B56FFFEC2F38}
		{36CF3331-7177-4985-B94B-9B8EA2B057B9} = {8E3F222F-F7EB-4A45-BDC5-B56FFFEC2F38}
		{F689AF01-57EF-4D43-8CA0-1D19FB8C9BA8} = {8E3F222F-F7EB-4A45-BDC5-B56FFFEC2F38}
	EndGlobalSection
EndGlobal
